
Microsoft Visual Studio Solution File, Format Version 12.00
# Visual Studio 15
VisualStudioVersion = 15.0.27703.2018
MinimumVisualStudioVersion = 10.0.40219.1
Project("{FAE04EC0-301F-11D3-BF4B-00C04F79EFBC}") = "Navegacion.Android", "Navegacion\Navegacion.Android\Navegacion.Android.csproj", "{EF48B73A-7140-457B-9287-773531A64762}"
EndProject
Project("{FAE04EC0-301F-11D3-BF4B-00C04F79EFBC}") = "Navegacion.iOS", "Navegacion\Navegacion.iOS\Navegacion.iOS.csproj", "{9716A3A8-5E70-406B-9675-EEEF6C9E9DF4}"
EndProject
Project("{9A19103F-16F7-4668-BE54-9A1E7A4F7556}") = "Navegacion", "Navegacion\Navegacion\Navegacion.csproj", "{D59B39FC-7AE8-489A-B31F-AED963691F0C}"
EndProject
Global
	GlobalSection(SolutionConfigurationPlatforms) = preSolution
		Ad-Hoc|Any CPU = Ad-Hoc|Any CPU
		Ad-Hoc|iPhone = Ad-Hoc|iPhone
		Ad-Hoc|iPhoneSimulator = Ad-Hoc|iPhoneSimulator
		AppStore|Any CPU = AppStore|Any CPU
		AppStore|iPhone = AppStore|iPhone
		AppStore|iPhoneSimulator = AppStore|iPhoneSimulator
		Debug|Any CPU = Debug|Any CPU
		Debug|iPhone = Debug|iPhone
		Debug|iPhoneSimulator = Debug|iPhoneSimulator
		Release|Any CPU = Release|Any CPU
		Release|iPhone = Release|iPhone
		Release|iPhoneSimulator = Release|iPhoneSimulator
	EndGlobalSection
	GlobalSection(ProjectConfigurationPlatforms) = postSolution
		{EF48B73A-7140-457B-9287-773531A64762}.Ad-Hoc|Any CPU.ActiveCfg = Release|Any CPU
		{EF48B73A-7140-457B-9287-773531A64762}.Ad-Hoc|Any CPU.Build.0 = Release|Any CPU
		{EF48B73A-7140-457B-9287-773531A64762}.Ad-Hoc|Any CPU.Deploy.0 = Release|Any CPU
		{EF48B73A-7140-457B-9287-773531A64762}.Ad-Hoc|iPhone.ActiveCfg = Release|Any CPU
		{EF48B73A-7140-457B-9287-773531A64762}.Ad-Hoc|iPhone.Build.0 = Release|Any CPU
		{EF48B73A-7140-457B-9287-773531A64762}.Ad-Hoc|iPhone.Deploy.0 = Release|Any CPU
		{EF48B73A-7140-457B-9287-773531A64762}.Ad-Hoc|iPhoneSimulator.ActiveCfg = Release|Any CPU
		{EF48B73A-7140-457B-9287-773531A64762}.Ad-Hoc|iPhoneSimulator.Build.0 = Release|Any CPU
		{EF48B73A-7140-457B-9287-773531A64762}.Ad-Hoc|iPhoneSimulator.Deploy.0 = Release|Any CPU
		{EF48B73A-7140-457B-9287-773531A64762}.AppStore|Any CPU.ActiveCfg = Release|Any CPU
		{EF48B73A-7140-457B-9287-773531A64762}.AppStore|Any CPU.Build.0 = Release|Any CPU
		{EF48B73A-7140-457B-9287-773531A64762}.AppStore|Any CPU.Deploy.0 = Release|Any CPU
		{EF48B73A-7140-457B-9287-773531A64762}.AppStore|iPhone.ActiveCfg = Release|Any CPU
		{EF48B73A-7140-457B-9287-773531A64762}.AppStore|iPhone.Build.0 = Release|Any CPU
		{EF48B73A-7140-457B-9287-773531A64762}.AppStore|iPhone.Deploy.0 = Release|Any CPU
		{EF48B73A-7140-457B-9287-773531A64762}.AppStore|iPhoneSimulator.ActiveCfg = Release|Any CPU
		{EF48B73A-7140-457B-9287-773531A64762}.AppStore|iPhoneSimulator.Build.0 = Release|Any CPU
		{EF48B73A-7140-457B-9287-773531A64762}.AppStore|iPhoneSimulator.Deploy.0 = Release|Any CPU
		{EF48B73A-7140-457B-9287-773531A64762}.Debug|Any CPU.ActiveCfg = Debug|Any CPU
		{EF48B73A-7140-457B-9287-773531A64762}.Debug|Any CPU.Build.0 = Debug|Any CPU
		{EF48B73A-7140-457B-9287-773531A64762}.Debug|Any CPU.Deploy.0 = Debug|Any CPU
		{EF48B73A-7140-457B-9287-773531A64762}.Debug|iPhone.ActiveCfg = Debug|Any CPU
		{EF48B73A-7140-457B-9287-773531A64762}.Debug|iPhone.Build.0 = Debug|Any CPU
		{EF48B73A-7140-457B-9287-773531A64762}.Debug|iPhone.Deploy.0 = Debug|Any CPU
		{EF48B73A-7140-457B-9287-773531A64762}.Debug|iPhoneSimulator.ActiveCfg = Debug|Any CPU
		{EF48B73A-7140-457B-9287-773531A64762}.Debug|iPhoneSimulator.Build.0 = Debug|Any CPU
		{EF48B73A-7140-457B-9287-773531A64762}.Debug|iPhoneSimulator.Deploy.0 = Debug|Any CPU
		{EF48B73A-7140-457B-9287-773531A64762}.Release|Any CPU.ActiveCfg = Release|Any CPU
		{EF48B73A-7140-457B-9287-773531A64762}.Release|Any CPU.Build.0 = Release|Any CPU
		{EF48B73A-7140-457B-9287-773531A64762}.Release|Any CPU.Deploy.0 = Release|Any CPU
		{EF48B73A-7140-457B-9287-773531A64762}.Release|iPhone.ActiveCfg = Release|Any CPU
		{EF48B73A-7140-457B-9287-773531A64762}.Release|iPhone.Build.0 = Release|Any CPU
		{EF48B73A-7140-457B-9287-773531A64762}.Release|iPhone.Deploy.0 = Release|Any CPU
		{EF48B73A-7140-457B-9287-773531A64762}.Release|iPhoneSimulator.ActiveCfg = Release|Any CPU
		{EF48B73A-7140-457B-9287-773531A64762}.Release|iPhoneSimulator.Build.0 = Release|Any CPU
		{EF48B73A-7140-457B-9287-773531A64762}.Release|iPhoneSimulator.Deploy.0 = Release|Any CPU
		{9716A3A8-5E70-406B-9675-EEEF6C9E9DF4}.Ad-Hoc|Any CPU.ActiveCfg = Ad-Hoc|iPhone
		{9716A3A8-5E70-406B-9675-EEEF6C9E9DF4}.Ad-Hoc|Any CPU.Build.0 = Ad-Hoc|iPhone
		{9716A3A8-5E70-406B-9675-EEEF6C9E9DF4}.Ad-Hoc|Any CPU.Deploy.0 = Ad-Hoc|iPhone
		{9716A3A8-5E70-406B-9675-EEEF6C9E9DF4}.Ad-Hoc|iPhone.ActiveCfg = Ad-Hoc|iPhone
		{9716A3A8-5E70-406B-9675-EEEF6C9E9DF4}.Ad-Hoc|iPhone.Build.0 = Ad-Hoc|iPhone
		{9716A3A8-5E70-406B-9675-EEEF6C9E9DF4}.Ad-Hoc|iPhone.Deploy.0 = Ad-Hoc|iPhone
		{9716A3A8-5E70-406B-9675-EEEF6C9E9DF4}.Ad-Hoc|iPhoneSimulator.ActiveCfg = Ad-Hoc|iPhoneSimulator
		{9716A3A8-5E70-406B-9675-EEEF6C9E9DF4}.Ad-Hoc|iPhoneSimulator.Build.0 = Ad-Hoc|iPhoneSimulator
		{9716A3A8-5E70-406B-9675-EEEF6C9E9DF4}.Ad-Hoc|iPhoneSimulator.Deploy.0 = Ad-Hoc|iPhoneSimulator
		{9716A3A8-5E70-406B-9675-EEEF6C9E9DF4}.AppStore|Any CPU.ActiveCfg = AppStore|iPhone
		{9716A3A8-5E70-406B-9675-EEEF6C9E9DF4}.AppStore|Any CPU.Build.0 = AppStore|iPhone
		{9716A3A8-5E70-406B-9675-EEEF6C9E9DF4}.AppStore|Any CPU.Deploy.0 = AppStore|iPhone
		{9716A3A8-5E70-406B-9675-EEEF6C9E9DF4}.AppStore|iPhone.ActiveCfg = AppStore|iPhone
		{9716A3A8-5E70-406B-9675-EEEF6C9E9DF4}.AppStore|iPhone.Build.0 = AppStore|iPhone
		{9716A3A8-5E70-406B-9675-EEEF6C9E9DF4}.AppStore|iPhone.Deploy.0 = AppStore|iPhone
		{9716A3A8-5E70-406B-9675-EEEF6C9E9DF4}.AppStore|iPhoneSimulator.ActiveCfg = AppStore|iPhoneSimulator
		{9716A3A8-5E70-406B-9675-EEEF6C9E9DF4}.AppStore|iPhoneSimulator.Build.0 = AppStore|iPhoneSimulator
		{9716A3A8-5E70-406B-9675-EEEF6C9E9DF4}.AppStore|iPhoneSimulator.Deploy.0 = AppStore|iPhoneSimulator
		{9716A3A8-5E70-406B-9675-EEEF6C9E9DF4}.Debug|Any CPU.ActiveCfg = Debug|iPhoneSimulator
		{9716A3A8-5E70-406B-9675-EEEF6C9E9DF4}.Debug|Any CPU.Build.0 = Debug|iPhoneSimulator
		{9716A3A8-5E70-406B-9675-EEEF6C9E9DF4}.Debug|Any CPU.Deploy.0 = Debug|iPhoneSimulator
		{9716A3A8-5E70-406B-9675-EEEF6C9E9DF4}.Debug|iPhone.ActiveCfg = Debug|iPhone
		{9716A3A8-5E70-406B-9675-EEEF6C9E9DF4}.Debug|iPhone.Build.0 = Debug|iPhone
		{9716A3A8-5E70-406B-9675-EEEF6C9E9DF4}.Debug|iPhone.Deploy.0 = Debug|iPhone
		{9716A3A8-5E70-406B-9675-EEEF6C9E9DF4}.Debug|iPhoneSimulator.ActiveCfg = Debug|iPhoneSimulator
		{9716A3A8-5E70-406B-9675-EEEF6C9E9DF4}.Debug|iPhoneSimulator.Build.0 = Debug|iPhoneSimulator
		{9716A3A8-5E70-406B-9675-EEEF6C9E9DF4}.Debug|iPhoneSimulator.Deploy.0 = Debug|iPhoneSimulator
		{9716A3A8-5E70-406B-9675-EEEF6C9E9DF4}.Release|Any CPU.ActiveCfg = Release|iPhone
		{9716A3A8-5E70-406B-9675-EEEF6C9E9DF4}.Release|Any CPU.Build.0 = Release|iPhone
		{9716A3A8-5E70-406B-9675-EEEF6C9E9DF4}.Release|Any CPU.Deploy.0 = Release|iPhone
		{9716A3A8-5E70-406B-9675-EEEF6C9E9DF4}.Release|iPhone.ActiveCfg = Release|iPhone
		{9716A3A8-5E70-406B-9675-EEEF6C9E9DF4}.Release|iPhone.Build.0 = Release|iPhone
		{9716A3A8-5E70-406B-9675-EEEF6C9E9DF4}.Release|iPhone.Deploy.0 = Release|iPhone
		{9716A3A8-5E70-406B-9675-EEEF6C9E9DF4}.Release|iPhoneSimulator.ActiveCfg = Release|iPhoneSimulator
		{9716A3A8-5E70-406B-9675-EEEF6C9E9DF4}.Release|iPhoneSimulator.Build.0 = Release|iPhoneSimulator
		{9716A3A8-5E70-406B-9675-EEEF6C9E9DF4}.Release|iPhoneSimulator.Deploy.0 = Release|iPhoneSimulator
		{D59B39FC-7AE8-489A-B31F-AED963691F0C}.Ad-Hoc|Any CPU.ActiveCfg = Debug|Any CPU
		{D59B39FC-7AE8-489A-B31F-AED963691F0C}.Ad-Hoc|Any CPU.Build.0 = Debug|Any CPU
		{D59B39FC-7AE8-489A-B31F-AED963691F0C}.Ad-Hoc|Any CPU.Deploy.0 = Debug|Any CPU
		{D59B39FC-7AE8-489A-B31F-AED963691F0C}.Ad-Hoc|iPhone.ActiveCfg = Debug|Any CPU
		{D59B39FC-7AE8-489A-B31F-AED963691F0C}.Ad-Hoc|iPhone.Build.0 = Debug|Any CPU
		{D59B39FC-7AE8-489A-B31F-AED963691F0C}.Ad-Hoc|iPhone.Deploy.0 = Debug|Any CPU
		{D59B39FC-7AE8-489A-B31F-AED963691F0C}.Ad-Hoc|iPhoneSimulator.ActiveCfg = Debug|Any CPU
		{D59B39FC-7AE8-489A-B31F-AED963691F0C}.Ad-Hoc|iPhoneSimulator.Build.0 = Debug|Any CPU
		{D59B39FC-7AE8-489A-B31F-AED963691F0C}.Ad-Hoc|iPhoneSimulator.Deploy.0 = Debug|Any CPU
		{D59B39FC-7AE8-489A-B31F-AED963691F0C}.AppStore|Any CPU.ActiveCfg = Debug|Any CPU
		{D59B39FC-7AE8-489A-B31F-AED963691F0C}.AppStore|Any CPU.Build.0 = Debug|Any CPU
		{D59B39FC-7AE8-489A-B31F-AED963691F0C}.AppStore|Any CPU.Deploy.0 = Debug|Any CPU
		{D59B39FC-7AE8-489A-B31F-AED963691F0C}.AppStore|iPhone.ActiveCfg = Debug|Any CPU
		{D59B39FC-7AE8-489A-B31F-AED963691F0C}.AppStore|iPhone.Build.0 = Debug|Any CPU
		{D59B39FC-7AE8-489A-B31F-AED963691F0C}.AppStore|iPhone.Deploy.0 = Debug|Any CPU
		{D59B39FC-7AE8-489A-B31F-AED963691F0C}.AppStore|iPhoneSimulator.ActiveCfg = Debug|Any CPU
		{D59B39FC-7AE8-489A-B31F-AED963691F0C}.AppStore|iPhoneSimulator.Build.0 = Debug|Any CPU
		{D59B39FC-7AE8-489A-B31F-AED963691F0C}.AppStore|iPhoneSimulator.Deploy.0 = Debug|Any CPU
		{D59B39FC-7AE8-489A-B31F-AED963691F0C}.Debug|Any CPU.ActiveCfg = Debug|Any CPU
		{D59B39FC-7AE8-489A-B31F-AED963691F0C}.Debug|Any CPU.Build.0 = Debug|Any CPU
		{D59B39FC-7AE8-489A-B31F-AED963691F0C}.Debug|Any CPU.Deploy.0 = Debug|Any CPU
		{D59B39FC-7AE8-489A-B31F-AED963691F0C}.Debug|iPhone.ActiveCfg = Debug|Any CPU
		{D59B39FC-7AE8-489A-B31F-AED963691F0C}.Debug|iPhone.Build.0 = Debug|Any CPU
		{D59B39FC-7AE8-489A-B31F-AED963691F0C}.Debug|iPhone.Deploy.0 = Debug|Any CPU
		{D59B39FC-7AE8-489A-B31F-AED963691F0C}.Debug|iPhoneSimulator.ActiveCfg = Debug|Any CPU
		{D59B39FC-7AE8-489A-B31F-AED963691F0C}.Debug|iPhoneSimulator.Build.0 = Debug|Any CPU
		{D59B39FC-7AE8-489A-B31F-AED963691F0C}.Debug|iPhoneSimulator.Deploy.0 = Debug|Any CPU
		{D59B39FC-7AE8-489A-B31F-AED963691F0C}.Release|Any CPU.ActiveCfg = Release|Any CPU
		{D59B39FC-7AE8-489A-B31F-AED963691F0C}.Release|Any CPU.Build.0 = Release|Any CPU
		{D59B39FC-7AE8-489A-B31F-AED963691F0C}.Release|Any CPU.Deploy.0 = Release|Any CPU
		{D59B39FC-7AE8-489A-B31F-AED963691F0C}.Release|iPhone.ActiveCfg = Release|Any CPU
		{D59B39FC-7AE8-489A-B31F-AED963691F0C}.Release|iPhone.Build.0 = Release|Any CPU
		{D59B39FC-7AE8-489A-B31F-AED963691F0C}.Release|iPhone.Deploy.0 = Release|Any CPU
		{D59B39FC-7AE8-489A-B31F-AED963691F0C}.Release|iPhoneSimulator.ActiveCfg = Release|Any CPU
		{D59B39FC-7AE8-489A-B31F-AED963691F0C}.Release|iPhoneSimulator.Build.0 = Release|Any CPU
		{D59B39FC-7AE8-489A-B31F-AED963691F0C}.Release|iPhoneSimulator.Deploy.0 = Release|Any CPU
	EndGlobalSection
	GlobalSection(SolutionProperties) = preSolution
		HideSolutionNode = FALSE
	EndGlobalSection
	GlobalSection(ExtensibilityGlobals) = postSolution
		SolutionGuid = {45F2E0AF-A80B-4102-BF7D-30BC290FF61D}
	EndGlobalSection
EndGlobal
